// !$*UTF8*$!
{
	archiveVersion = 1;
	classes = {
	};
	objectVersion = 46;
	objects = {

/* Begin PBXBuildFile section */
		A0AFFB231BE9344200D44BDB /* main.m in Sources */ = {isa = PBXBuildFile; fileRef = A0AFFB221BE9344200D44BDB /* main.m */; };
		A0AFFB261BE9344200D44BDB /* AppDelegate.m in Sources */ = {isa = PBXBuildFile; fileRef = A0AFFB251BE9344200D44BDB /* AppDelegate.m */; };
		A0AFFB291BE9344200D44BDB /* ViewController.m in Sources */ = {isa = PBXBuildFile; fileRef = A0AFFB281BE9344200D44BDB /* ViewController.m */; };
		A0AFFB2C1BE9344200D44BDB /* Main.storyboard in Resources */ = {isa = PBXBuildFile; fileRef = A0AFFB2A1BE9344200D44BDB /* Main.storyboard */; };
		A0AFFB2E1BE9344200D44BDB /* Assets.xcassets in Resources */ = {isa = PBXBuildFile; fileRef = A0AFFB2D1BE9344200D44BDB /* Assets.xcassets */; };
		A0AFFB311BE9344200D44BDB /* LaunchScreen.storyboard in Resources */ = {isa = PBXBuildFile; fileRef = A0AFFB2F1BE9344200D44BDB /* LaunchScreen.storyboard */; };
		A0AFFB3A1BE934B400D44BDB /* SampleProtocol.m in Sources */ = {isa = PBXBuildFile; fileRef = A0AFFB391BE934B400D44BDB /* SampleProtocol.m */; };
/* End PBXBuildFile section */

/* Begin PBXFileReference section */
		A0AFFB1E1BE9344200D44BDB /* DelegatePractice.app */ = {isa = PBXFileReference; explicitFileType = wrapper.application; includeInIndex = 0; path = DelegatePractice.app; sourceTree = BUILT_PRODUCTS_DIR; };
		A0AFFB221BE9344200D44BDB /* main.m */ = {isa = PBXFileReference; lastKnownFileType = sourcecode.c.objc; path = main.m; sourceTree = "<group>"; };
		A0AFFB241BE9344200D44BDB /* AppDelegate.h */ = {isa = PBXFileReference; lastKnownFileType = sourcecode.c.h; path = AppDelegate.h; sourceTree = "<group>"; };
		A0AFFB251BE9344200D44BDB /* AppDelegate.m */ = {isa = PBXFileReference; lastKnownFileType = sourcecode.c.objc; path = AppDelegate.m; sourceTree = "<group>"; };
		A0AFFB271BE9344200D44BDB /* ViewController.h */ = {isa = PBXFileReference; lastKnownFileType = sourcecode.c.h; path = ViewController.h; sourceTree = "<group>"; };
		A0AFFB281BE9344200D44BDB /* ViewController.m */ = {isa = PBXFileReference; lastKnownFileType = sourcecode.c.objc; path = ViewController.m; sourceTree = "<group>"; };
		A0AFFB2B1BE9344200D44BDB /* Base */ = {isa = PBXFileReference; lastKnownFileType = file.storyboard; name = Base; path = Base.lproj/Main.storyboard; sourceTree = "<group>"; };
		A0AFFB2D1BE9344200D44BDB /* Assets.xcassets */ = {isa = PBXFileReference; lastKnownFileType = folder.assetcatalog; path = Assets.xcassets; sourceTree = "<group>"; };
		A0AFFB301BE9344200D44BDB /* Base */ = {isa = PBXFileReference; lastKnownFileType = file.storyboard; name = Base; path = Base.lproj/LaunchScreen.storyboard; sourceTree = "<group>"; };
		A0AFFB321BE9344200D44BDB /* Info.plist */ = {isa = PBXFileReference; lastKnownFileType = text.plist.xml; path = Info.plist; sourceTree = "<group>"; };
		A0AFFB381BE934B400D44BDB /* SampleProtocol.h */ = {isa = PBXFileReference; fileEncoding = 4; lastKnownFileType = sourcecode.c.h; path = SampleProtocol.h; sourceTree = "<group>"; };
		A0AFFB391BE934B400D44BDB /* SampleProtocol.m */ = {isa = PBXFileReference; fileEncoding = 4; lastKnownFileType = sourcecode.c.objc; path = SampleProtocol.m; sourceTree = "<group>"; };
/* End PBXFileReference section */

/* Begin PBXFrameworksBuildPhase section */
		A0AFFB1B1BE9344200D44BDB /* Frameworks */ = {
			isa = PBXFrameworksBuildPhase;
			buildActionMask = 2147483647;
			files = (
			);
			runOnlyForDeploymentPostprocessing = 0;
		};
/* End PBXFrameworksBuildPhase section */

/* Begin PBXGroup section */
		A0AFFB151BE9344200D44BDB = {
			isa = PBXGroup;
			children = (
				A0AFFB201BE9344200D44BDB /* DelegatePractice */,
				A0AFFB1F1BE9344200D44BDB /* Products */,
			);
			sourceTree = "<group>";
		};
		A0AFFB1F1BE9344200D44BDB /* Products */ = {
			isa = PBXGroup;
			children = (
				A0AFFB1E1BE9344200D44BDB /* DelegatePractice.app */,
			);
			name = Products;
			sourceTree = "<group>";
		};
		A0AFFB201BE9344200D44BDB /* DelegatePractice */ = {
			isa = PBXGroup;
			children = (
				A0AFFB241BE9344200D44BDB /* AppDelegate.h */,
				A0AFFB251BE9344200D44BDB /* AppDelegate.m */,
				A0AFFB271BE9344200D44BDB /* ViewController.h */,
				A0AFFB281BE9344200D44BDB /* ViewController.m */,
				A0AFFB381BE934B400D44BDB /* SampleProtocol.h */,
				A0AFFB391BE934B400D44BDB /* SampleProtocol.m */,
				A0AFFB2A1BE9344200D44BDB /* Main.storyboard */,
				A0AFFB2D1BE9344200D44BDB /* Assets.xcassets */,
				A0AFFB2F1BE9344200D44BDB /* LaunchScreen.storyboard */,
				A0AFFB321BE9344200D44BDB /* Info.plist */,
				A0AFFB211BE9344200D44BDB /* Supporting Files */,
			);
			path = DelegatePractice;
			sourceTree = "<group>";
		};
		A0AFFB211BE9344200D44BDB /* Supporting Files */ = {
			isa = PBXGroup;
			children = (
				A0AFFB221BE9344200D44BDB /* main.m */,
			);
			name = "Supporting Files";
			sourceTree = "<group>";
		};
/* End PBXGroup section */

/* Begin PBXNativeTarget section */
		A0AFFB1D1BE9344200D44BDB /* DelegatePractice */ = {
			isa = PBXNativeTarget;
			buildConfigurationList = A0AFFB351BE9344200D44BDB /* Build configuration list for PBXNativeTarget "DelegatePractice" */;
			buildPhases = (
				A0AFFB1A1BE9344200D44BDB /* Sources */,
				A0AFFB1B1BE9344200D44BDB /* Frameworks */,
				A0AFFB1C1BE9344200D44BDB /* Resources */,
			);
			buildRules = (
			);
			dependencies = (
			);
			name = DelegatePractice;
			productName = DelegatePractice;
			productReference = A0AFFB1E1BE9344200D44BDB /* DelegatePractice.app */;
			productType = "com.apple.product-type.application";
		};
/* End PBXNativeTarget section */

/* Begin PBXProject section */
		A0AFFB161BE9344200D44BDB /* Project object */ = {
			isa = PBXProject;
			attributes = {
				LastUpgradeCheck = 0710;
				ORGANIZATIONNAME = "Brian Wong";
				TargetAttributes = {
					A0AFFB1D1BE9344200D44BDB = {
						CreatedOnToolsVersion = 7.1;
						DevelopmentTeam = 8EG7J9EQYF;
					};
				};
			};
			buildConfigurationList = A0AFFB191BE9344200D44BDB /* Build configuration list for PBXProject "DelegatePractice" */;
			compatibilityVersion = "Xcode 3.2";
			developmentRegion = English;
			hasScannedForEncodings = 0;
			knownRegions = (
				en,
				Base,
			);
			mainGroup = A0AFFB151BE9344200D44BDB;
			productRefGroup = A0AFFB1F1BE9344200D44BDB /* Products */;
			projectDirPath = "";
			projectRoot = "";
			targets = (
				A0AFFB1D1BE9344200D44BDB /* DelegatePractice */,
			);
		};
/* End PBXProject section */

/* Begin PBXResourcesBuildPhase section */
		A0AFFB1C1BE9344200D44BDB /* Resources */ = {
			isa = PBXResourcesBuildPhase;
			buildActionMask = 2147483647;
			files = (
				A0AFFB311BE9344200D44BDB /* LaunchScreen.storyboard in Resources */,
				A0AFFB2E1BE9344200D44BDB /* Assets.xcassets in Resources */,
				A0AFFB2C1BE9344200D44BDB /* Main.storyboard in Resources */,
			);
			runOnlyForDeploymentPostprocessing = 0;
		};
/* End PBXResourcesBuildPhase section */

/* Begin PBXSourcesBuildPhase section */
		A0AFFB1A1BE9344200D44BDB /* Sources */ = {
			isa = PBXSourcesBuildPhase;
			buildActionMask = 2147483647;
			files = (
				A0AFFB291BE9344200D44BDB /* ViewController.m in Sources */,
				A0AFFB261BE9344200D44BDB /* AppDelegate.m in Sources */,
				A0AFFB231BE9344200D44BDB /* main.m in Sources */,
				A0AFFB3A1BE934B400D44BDB /* SampleProtocol.m in Sources */,
			);
			runOnlyForDeploymentPostprocessing = 0;
		};
/* End PBXSourcesBuildPhase section */

/* Begin PBXVariantGroup section */
		A0AFFB2A1BE9344200D44BDB /* Main.storyboard */ = {
			isa = PBXVariantGroup;
			children = (
				A0AFFB2B1BE9344200D44BDB /* Base */,
			);
			name = Main.storyboard;
			sourceTree = "<group>";
		};
		A0AFFB2F1BE9344200D44BDB /* LaunchScreen.storyboard */ = {
			isa = PBXVariantGroup;
			children = (
				A0AFFB301BE9344200D44BDB /* Base */,
			);
			name = LaunchScreen.storyboard;
			sourceTree = "<group>";
		};
/* End PBXVariantGroup section */

/* Begin XCBuildConfiguration section */
		A0AFFB331BE9344200D44BDB /* Debug */ = {
			isa = XCBuildConfiguration;
			buildSettings = {
				ALWAYS_SEARCH_USER_PATHS = NO;
				CLANG_CXX_LANGUAGE_STANDARD = "gnu++0x";
				CLANG_CXX_LIBRARY = "libc++";
				CLANG_ENABLE_MODULES = YES;
				CLANG_ENABLE_OBJC_ARC = YES;
				CLANG_WARN_BOOL_CONVERSION = YES;
				CLANG_WARN_CONSTANT_CONVERSION = YES;
				CLANG_WARN_DIRECT_OBJC_ISA_USAGE = YES_ERROR;
				CLANG_WARN_EMPTY_BODY = YES;
				CLANG_WARN_ENUM_CONVERSION = YES;
				CLANG_WARN_INT_CONVERSION = YES;
				CLANG_WARN_OBJC_ROOT_CLASS = YES_ERROR;
				CLANG_WARN_UNREACHABLE_CODE = YES;
				CLANG_WARN__DUPLICATE_METHOD_MATCH = YES;
				"CODE_SIGN_IDENTITY[sdk=iphoneos*]" = "iPhone Developer";
				COPY_PHASE_STRIP = NO;
				DEBUG_INFORMATION_FORMAT = dwarf;
				ENABLE_STRICT_OBJC_MSGSEND = YES;
				ENABLE_TESTABILITY = YES;
				GCC_C_LANGUAGE_STANDARD = gnu99;
				GCC_DYNAMIC_NO_PIC = NO;
				GCC_NO_COMMON_BLOCKS = YES;
				GCC_OPTIMIZATION_LEVEL = 0;
				GCC_PREPROCESSOR_DEFINITIONS = (
					"DEBUG=1",
					"$(inherited)",
				);
				GCC_WARN_64_TO_32_BIT_CONVERSION = YES;
				GCC_WARN_ABOUT_RETURN_TYPE = YES_ERROR;
				GCC_WARN_UNDECLARED_SELECTOR = YES;
				GCC_WARN_UNINITIALIZED_AUTOS = YES_AGGRESSIVE;
				GCC_WARN_UNUSED_FUNCTION = YES;
				GCC_WARN_UNUSED_VARIABLE = YES;
				IPHONEOS_DEPLOYMENT_TARGET = 9.1;
				MTL_ENABLE_DEBUG_INFO = YES;
				ONLY_ACTIVE_ARCH = YES;
				SDKROOT = iphoneos;
			};
			name = Debug;
		};
		A0AFFB341BE9344200D44BDB /* Release */ = {
			isa = XCBuildConfiguration;
			buildSettings = {
				ALWAYS_SEARCH_USER_PATHS = NO;
				CLANG_CXX_LANGUAGE_STANDARD = "gnu++0x";
				CLANG_CXX_LIBRARY = "libc++";
				CLANG_ENABLE_MODULES = YES;
				CLANG_ENABLE_OBJC_ARC = YES;
				CLANG_WARN_BOOL_CONVERSION = YES;
				CLANG_WARN_CONSTANT_CONVERSION = YES;
				CLANG_WARN_DIRECT_OBJC_ISA_USAGE = YES_ERROR;
				CLANG_WARN_EMPTY_BODY = YES;
				CLANG_WARN_ENUM_CONVERSION = YES;
				CLANG_WARN_INT_CONVERSION = YES;
				CLANG_WARN_OBJC_ROOT_CLASS = YES_ERROR;
				CLANG_WARN_UNREACHABLE_CODE = YES;
				CLANG_WARN__DUPLICATE_METHOD_MATCH = YES;
				"CODE_SIGN_IDENTITY[sdk=iphoneos*]" = "iPhone Developer";
				COPY_PHASE_STRIP = NO;
				DEBUG_INFORMATION_FORMAT = "dwarf-with-dsym";
				ENABLE_NS_ASSERTIONS = NO;
				ENABLE_STRICT_OBJC_MSGSEND = YES;
				GCC_C_LANGUAGE_STANDARD = gnu99;
				GCC_NO_COMMON_BLOCKS = YES;
				GCC_WARN_64_TO_32_BIT_CONVERSION = YES;
				GCC_WARN_ABOUT_RETURN_TYPE = YES_ERROR;
				GCC_WARN_UNDECLARED_SELECTOR = YES;
				GCC_WARN_UNINITIALIZED_AUTOS = YES_AGGRESSIVE;
				GCC_WARN_UNUSED_FUNCTION = YES;
				GCC_WARN_UNUSED_VARIABLE = YES;
				IPHONEOS_DEPLOYMENT_TARGET = 9.1;
				MTL_ENABLE_DEBUG_INFO = NO;
				SDKROOT = iphoneos;
				VALIDATE_PRODUCT = YES;
			};
			name = Release;
		};
		A0AFFB361BE9344200D44BDB /* Debug */ = {
			isa = XCBuildConfiguration;
			buildSettings = {
				ASSETCATALOG_COMPILER_APPICON_NAME = AppIcon;
				INFOPLIST_FILE = DelegatePractice/Info.plist;
				LD_RUNPATH_SEARCH_PATHS = "$(inherited) @executable_path/Frameworks";
				PRODUCT_BUNDLE_IDENTIFIER = com.Brwong.DelegatePractice;
				PRODUCT_NAME = "$(TARGET_NAME)";
			};
			name = Debug;
		};
		A0AFFB371BE9344200D44BDB /* Release */ = {
			isa = XCBuildConfiguration;
			buildSettings = {
				ASSETCATALOG_COMPILER_APPICON_NAME = AppIcon;
				INFOPLIST_FILE = DelegatePractice/Info.plist;
				LD_RUNPATH_SEARCH_PATHS = "$(inherited) @executable_path/Frameworks";
				PRODUCT_BUNDLE_IDENTIFIER = com.Brwong.DelegatePractice;
				PRODUCT_NAME = "$(TARGET_NAME)";
			};
			name = Release;
		};
/* End XCBuildConfiguration section */

/* Begin XCConfigurationList section */
		A0AFFB191BE9344200D44BDB /* Build configuration list for PBXProject "DelegatePractice" */ = {
			isa = XCConfigurationList;
			buildConfigurations = (
				A0AFFB331BE9344200D44BDB /* Debug */,
				A0AFFB341BE9344200D44BDB /* Release */,
			);
			defaultConfigurationIsVisible = 0;
			defaultConfigurationName = Release;
		};
		A0AFFB351BE9344200D44BDB /* Build configuration list for PBXNativeTarget "DelegatePractice" */ = {
			isa = XCConfigurationList;
			buildConfigurations = (
				A0AFFB361BE9344200D44BDB /* Debug */,
				A0AFFB371BE9344200D44BDB /* Release */,
			);
			defaultConfigurationIsVisible = 0;
		};
/* End XCConfigurationList section */
	};
	rootObject = A0AFFB161BE9344200D44BDB /* Project object */;
}
